<?xml version="1.0" encoding="utf-8"?>
<Project ToolsVersion="4.0" xmlns="http://schemas.microsoft.com/developer/msbuild/2003">
  <ItemGroup>
    <Filter Include="Source Files">
      <UniqueIdentifier>{4FC737F1-C7A5-4376-A066-2A32D752A2FF}</UniqueIdentifier>
      <Extensions>cpp;c;cc;cxx;c++;cppm;ixx;def;odl;idl;hpj;bat;asm;asmx</Extensions>
    </Filter>
    <Filter Include="Header Files">
      <UniqueIdentifier>{93995380-89BD-4b04-88EB-625FBE52EBFB}</UniqueIdentifier>
      <Extensions>h;hh;hpp;hxx;h++;hm;inl;inc;ipp;xsd</Extensions>
    </Filter>
    <Filter Include="Resource Files">
      <UniqueIdentifier>{67DA6AB6-F800-4c08-8B7A-83BB121AAD01}</UniqueIdentifier>
      <Extensions>rc;ico;cur;bmp;dlg;rc2;rct;bin;rgs;gif;jpg;jpeg;jpe;resx;tiff;tif;png;wav;mfcribbon-ms</Extensions>
    </Filter>
  </ItemGroup>
  <ItemGroup>
    <ClCompile Include="TestingMain.cpp">
      <Filter>Source Files</Filter>
    </ClCompile>
    <ClCompile Include="FarmUnit.cpp">
      <Filter>Source Files</Filter>
    </ClCompile>
    <ClCompile Include="CropField.cpp">
      <Filter>Source Files</Filter>
    </ClCompile>
    <ClCompile Include="Barn.cpp">
      <Filter>Source Files</Filter>
    </ClCompile>
    <ClCompile Include="SoilState.cpp">
      <Filter>Source Files</Filter>
    </ClCompile>
    <ClCompile Include="DrySoil.cpp">
      <Filter>Source Files</Filter>
    </ClCompile>
    <ClCompile Include="FruitfulSoil.cpp">
      <Filter>Source Files</Filter>
    </ClCompile>
    <ClCompile Include="FloodedSoil.cpp">
      <Filter>Source Files</Filter>
    </ClCompile>
    <ClCompile Include="CropFieldInterface.cpp">
      <Filter>Source Files</Filter>
    </ClCompile>
    <ClCompile Include="CropFieldDecorator.cpp">
      <Filter>Source Files</Filter>
    </ClCompile>
    <ClCompile Include="ExtraBarnCropField.cpp">
      <Filter>Source Files</Filter>
    </ClCompile>
    <ClCompile Include="FertilisedCropField.cpp">
      <Filter>Source Files</Filter>
    </ClCompile>
    <ClCompile Include="Truck.cpp">
      <Filter>Source Files</Filter>
    </ClCompile>
    <ClCompile Include="FertiliserTruck.cpp">
      <Filter>Source Files</Filter>
    </ClCompile>
    <ClCompile Include="DeliveryTruck.cpp">
      <Filter>Source Files</Filter>
    </ClCompile>
    <ClCompile Include="FarmCollection.cpp">
      <Filter>Source Files</Filter>
    </ClCompile>
    <ClCompile Include="FarmIterator.cpp">
      <Filter>Source Files</Filter>
    </ClCompile>
    <ClCompile Include="Farm.cpp">
      <Filter>Source Files</Filter>
    </ClCompile>
    <ClCompile Include="BreadthFirstIterator.cpp">
      <Filter>Source Files</Filter>
    </ClCompile>
    <ClCompile Include="DepthFirstIterator.cpp">
      <Filter>Source Files</Filter>
    </ClCompile>
    <ClCompile Include="FarmUnitCollection.cpp">
      <Filter>Source Files</Filter>
    </ClCompile>
  </ItemGroup>
  <ItemGroup>
    <ClInclude Include="FarmUnit.h">
      <Filter>Header Files</Filter>
    </ClInclude>
    <ClInclude Include="CropField.h">
      <Filter>Header Files</Filter>
    </ClInclude>
    <ClInclude Include="Barn.h">
      <Filter>Header Files</Filter>
    </ClInclude>
    <ClInclude Include="SoilState.h">
      <Filter>Header Files</Filter>
    </ClInclude>
    <ClInclude Include="DrySoil.h">
      <Filter>Header Files</Filter>
    </ClInclude>
    <ClInclude Include="FruitfulSoil.h">
      <Filter>Header Files</Filter>
    </ClInclude>
    <ClInclude Include="FloodedSoil.h">
      <Filter>Header Files</Filter>
    </ClInclude>
    <ClInclude Include="CropFieldInterface.h">
      <Filter>Header Files</Filter>
    </ClInclude>
    <ClInclude Include="CropFieldDecorator.h">
      <Filter>Header Files</Filter>
    </ClInclude>
    <ClInclude Include="ExtraBarnCropField.h">
      <Filter>Header Files</Filter>
    </ClInclude>
    <ClInclude Include="FertilisedCropField.h">
      <Filter>Header Files</Filter>
    </ClInclude>
    <ClInclude Include="Truck.h">
      <Filter>Header Files</Filter>
    </ClInclude>
    <ClInclude Include="FertiliserTruck.h">
      <Filter>Header Files</Filter>
    </ClInclude>
    <ClInclude Include="DeliveryTruck.h">
      <Filter>Header Files</Filter>
    </ClInclude>
    <ClInclude Include="FarmCollection.h">
      <Filter>Header Files</Filter>
    </ClInclude>
    <ClInclude Include="FarmIterator.h">
      <Filter>Header Files</Filter>
    </ClInclude>
    <ClInclude Include="Farm.h">
      <Filter>Header Files</Filter>
    </ClInclude>
    <ClInclude Include="BreadthFirstIterator.h">
      <Filter>Header Files</Filter>
    </ClInclude>
    <ClInclude Include="DepthFirstIterator.h">
      <Filter>Header Files</Filter>
    </ClInclude>
    <ClInclude Include="FarmUnitCollection.h">
      <Filter>Header Files</Filter>
    </ClInclude>
  </ItemGroup>
</Project>